{
  "name": "how-to-write",
  "version": "1.0.0",
  "lockfileVersion": 3,
  "requires": true,
  "packages": {
    "": {
      "name": "how-to-write",
      "version": "1.0.0",
      "dependencies": {
        "hanzi-writer": "^2.0.4",
        "hanzi-writer-miniprogram": "^1.2.0-beta.1"
      }
    },
    "node_modules/hanzi-writer": {
      "version": "2.0.4",
      "resolved": "http://r.npm.sankuai.com/hanzi-writer/download/hanzi-writer-2.0.4.tgz",
      "integrity": "sha1-wMJ7FmYjZowhmwI8n3toa6v3bzQ="
    },
    "node_modules/hanzi-writer-miniprogram": {
      "version": "1.2.0-beta.1",
      "resolved": "http://r.npm.sankuai.com/hanzi-writer-miniprogram/download/hanzi-writer-miniprogram-1.2.0-beta.1.tgz",
      "integrity": "sha1-6URj4CguoBRZpYj8045yMe/YRqE=",
      "license": "MIT",
      "dependencies": {
        "hanzi-writer": "^2.0.4"
      }
    }
  }
}
